
Microsoft Visual Studio Solution File, Format Version 12.00
# Visual Studio 15
VisualStudioVersion = 15.0.27130.2010
MinimumVisualStudioVersion = 10.0.40219.1
Project("{FAE04EC0-301F-11D3-BF4B-00C04F79EFBC}") = "DevOpsWindowCase.Test", "DevOpsWindowCase.Test\DevOpsWindowCase.Test.csproj", "{BBC9355F-E969-4211-A1C0-7109DC21C66A}"
EndProject
Global
	GlobalSection(SolutionConfigurationPlatforms) = preSolution
		Debug|Any CPU = Debug|Any CPU
		Release|Any CPU = Release|Any CPU
	EndGlobalSection
	GlobalSection(ProjectConfigurationPlatforms) = postSolution
		{BBC9355F-E969-4211-A1C0-7109DC21C66A}.Debug|Any CPU.ActiveCfg = Debug|Any CPU
		{BBC9355F-E969-4211-A1C0-7109DC21C66A}.Debug|Any CPU.Build.0 = Debug|Any CPU
		{BBC9355F-E969-4211-A1C0-7109DC21C66A}.Release|Any CPU.ActiveCfg = Release|Any CPU
		{BBC9355F-E969-4211-A1C0-7109DC21C66A}.Release|Any CPU.Build.0 = Release|Any CPU
	EndGlobalSection
	GlobalSection(SolutionProperties) = preSolution
		HideSolutionNode = FALSE
	EndGlobalSection
	GlobalSection(ExtensibilityGlobals) = postSolution
		SolutionGuid = {703BB72F-0338-4035-A73C-D9E43669061B}
	EndGlobalSection
EndGlobal
